// !$*UTF8*$!
{
	archiveVersion = 1;
	classes = {
	};
	objectVersion = 63;
	objects = {

/* Begin PBXBuildFile section */
		ED3DA1C72CC154DF0099D719 /* Soulmeh.otf in Resources */ = {isa = PBXBuildFile; fileRef = ED3DA1C62CC154DF0099D719 /* Soulmeh.otf */; };
		ED3DA1C82CC154DF0099D719 /* GoogleService-Info.plist in Resources */ = {isa = PBXBuildFile; fileRef = ED3DA1BC2CC154DF0099D719 /* GoogleService-Info.plist */; };
		ED3DA1C92CC154DF0099D719 /* MonofontoRegular.otf in Resources */ = {isa = PBXBuildFile; fileRef = ED3DA1C32CC154DF0099D719 /* MonofontoRegular.otf */; };
		ED3DA1CA2CC154DF0099D719 /* Assets.xcassets in Resources */ = {isa = PBXBuildFile; fileRef = ED3DA1B72CC154DF0099D719 /* Assets.xcassets */; };
		ED3DA1CF2CC154DF0099D719 /* LoadingView.swift in Sources */ = {isa = PBXBuildFile; fileRef = ED3DA1C12CC154DF0099D719 /* LoadingView.swift */; };
		ED3DA1D12CC154DF0099D719 /* GreenlightApp.swift in Sources */ = {isa = PBXBuildFile; fileRef = ED3DA1BF2CC154DF0099D719 /* GreenlightApp.swift */; };
		ED3DA1D22CC154DF0099D719 /* GPSView.swift in Sources */ = {isa = PBXBuildFile; fileRef = ED3DA1BD2CC154DF0099D719 /* GPSView.swift */; };
		ED3DA1D32CC154DF0099D719 /* ContentView.swift in Sources */ = {isa = PBXBuildFile; fileRef = ED3DA1B82CC154DF0099D719 /* ContentView.swift */; };
		ED3DA1D42CC158080099D719 /* Pods_Greenlight.framework in Frameworks */ = {isa = PBXBuildFile; fileRef = 68C54F1DCD2B0D5E2C1F3EEA /* Pods_Greenlight.framework */; };
		ED3DA1D52CC158080099D719 /* Pods_Greenlight.framework in Embed Frameworks */ = {isa = PBXBuildFile; fileRef = 68C54F1DCD2B0D5E2C1F3EEA /* Pods_Greenlight.framework */; settings = {ATTRIBUTES = (CodeSignOnCopy, RemoveHeadersOnCopy, ); }; };
		ED80A3452CC167CC00072AEE /* MapView.swift in Sources */ = {isa = PBXBuildFile; fileRef = ED80A3442CC167CC00072AEE /* MapView.swift */; };
		ED80A3472CC17ED700072AEE /* LocationManager.swift in Sources */ = {isa = PBXBuildFile; fileRef = ED80A3462CC17ED700072AEE /* LocationManager.swift */; };
		EDEAD0FA2CDCD23E0036B992 /* AddFavoriteRouteView.swift in Sources */ = {isa = PBXBuildFile; fileRef = EDEAD0F92CDCD23E0036B992 /* AddFavoriteRouteView.swift */; };
		EDEAD0FF2CDCDBC40036B992 /* RouteService.swift in Sources */ = {isa = PBXBuildFile; fileRef = EDEAD0FE2CDCDBBD0036B992 /* RouteService.swift */; };
		EDFECDF22CDCF098001A6CEC /* calendar_dates.txt in Resources */ = {isa = PBXBuildFile; fileRef = EDFECDEA2CDCF098001A6CEC /* calendar_dates.txt */; };
		EDFECDF32CDCF098001A6CEC /* routes.txt in Resources */ = {isa = PBXBuildFile; fileRef = EDFECDEC2CDCF098001A6CEC /* routes.txt */; };
		EDFECDF42CDCF098001A6CEC /* agency.txt in Resources */ = {isa = PBXBuildFile; fileRef = EDFECDE82CDCF098001A6CEC /* agency.txt */; };
		EDFECDF52CDCF098001A6CEC /* stops.txt in Resources */ = {isa = PBXBuildFile; fileRef = EDFECDEF2CDCF098001A6CEC /* stops.txt */; };
		EDFECDF62CDCF098001A6CEC /* shapes.txt in Resources */ = {isa = PBXBuildFile; fileRef = EDFECDED2CDCF098001A6CEC /* shapes.txt */; };
		EDFECDF72CDCF098001A6CEC /* calendar.txt in Resources */ = {isa = PBXBuildFile; fileRef = EDFECDE92CDCF098001A6CEC /* calendar.txt */; };
		EDFECDF82CDCF098001A6CEC /* trips.txt in Resources */ = {isa = PBXBuildFile; fileRef = EDFECDF02CDCF098001A6CEC /* trips.txt */; };
		EDFECDF92CDCF098001A6CEC /* feed_info.txt in Resources */ = {isa = PBXBuildFile; fileRef = EDFECDEB2CDCF098001A6CEC /* feed_info.txt */; };
		EDFECDFA2CDCF098001A6CEC /* stop_times.txt in Resources */ = {isa = PBXBuildFile; fileRef = EDFECDEE2CDCF098001A6CEC /* stop_times.txt */; };
		EDFECDFC2CDD0453001A6CEC /* RoutePreference.swift in Sources */ = {isa = PBXBuildFile; fileRef = EDFECDFB2CDD044D001A6CEC /* RoutePreference.swift */; };
/* End PBXBuildFile section */

/* Begin PBXContainerItemProxy section */
		ED24F1932CC1521B00A8F6C4 /* PBXContainerItemProxy */ = {
			isa = PBXContainerItemProxy;
			containerPortal = ED24F1792CC1521A00A8F6C4 /* Project object */;
			proxyType = 1;
			remoteGlobalIDString = ED24F1802CC1521A00A8F6C4;
			remoteInfo = Greenlight;
		};
		ED24F19D2CC1521B00A8F6C4 /* PBXContainerItemProxy */ = {
			isa = PBXContainerItemProxy;
			containerPortal = ED24F1792CC1521A00A8F6C4 /* Project object */;
			proxyType = 1;
			remoteGlobalIDString = ED24F1802CC1521A00A8F6C4;
			remoteInfo = Greenlight;
		};
/* End PBXContainerItemProxy section */

/* Begin PBXCopyFilesBuildPhase section */
		ED3DA1D62CC158080099D719 /* Embed Frameworks */ = {
			isa = PBXCopyFilesBuildPhase;
			buildActionMask = 2147483647;
			dstPath = "";
			dstSubfolderSpec = 10;
			files = (
				ED3DA1D52CC158080099D719 /* Pods_Greenlight.framework in Embed Frameworks */,
			);
			name = "Embed Frameworks";
			runOnlyForDeploymentPostprocessing = 0;
		};
/* End PBXCopyFilesBuildPhase section */

/* Begin PBXFileReference section */
		26DBDDA23C542CC60246E583 /* Pods-Greenlight.debug.xcconfig */ = {isa = PBXFileReference; includeInIndex = 1; lastKnownFileType = text.xcconfig; name = "Pods-Greenlight.debug.xcconfig"; path = "Target Support Files/Pods-Greenlight/Pods-Greenlight.debug.xcconfig"; sourceTree = "<group>"; };
		68C54F1DCD2B0D5E2C1F3EEA /* Pods_Greenlight.framework */ = {isa = PBXFileReference; explicitFileType = wrapper.framework; includeInIndex = 0; path = Pods_Greenlight.framework; sourceTree = BUILT_PRODUCTS_DIR; };
		E53B4935617C70E7FA656563 /* Pods-Greenlight.release.xcconfig */ = {isa = PBXFileReference; includeInIndex = 1; lastKnownFileType = text.xcconfig; name = "Pods-Greenlight.release.xcconfig"; path = "Target Support Files/Pods-Greenlight/Pods-Greenlight.release.xcconfig"; sourceTree = "<group>"; };
		ED24F1812CC1521A00A8F6C4 /* Greenlight.app */ = {isa = PBXFileReference; explicitFileType = wrapper.application; includeInIndex = 0; path = Greenlight.app; sourceTree = BUILT_PRODUCTS_DIR; };
		ED24F1922CC1521B00A8F6C4 /* GreenlightTests.xctest */ = {isa = PBXFileReference; explicitFileType = wrapper.cfbundle; includeInIndex = 0; path = GreenlightTests.xctest; sourceTree = BUILT_PRODUCTS_DIR; };
		ED24F19C2CC1521B00A8F6C4 /* GreenlightUITests.xctest */ = {isa = PBXFileReference; explicitFileType = wrapper.cfbundle; includeInIndex = 0; path = GreenlightUITests.xctest; sourceTree = BUILT_PRODUCTS_DIR; };
		ED3DA1B72CC154DF0099D719 /* Assets.xcassets */ = {isa = PBXFileReference; lastKnownFileType = folder.assetcatalog; path = Assets.xcassets; sourceTree = "<group>"; };
		ED3DA1B82CC154DF0099D719 /* ContentView.swift */ = {isa = PBXFileReference; lastKnownFileType = sourcecode.swift; path = ContentView.swift; sourceTree = "<group>"; };
		ED3DA1BC2CC154DF0099D719 /* GoogleService-Info.plist */ = {isa = PBXFileReference; lastKnownFileType = text.plist.xml; path = "GoogleService-Info.plist"; sourceTree = "<group>"; };
		ED3DA1BD2CC154DF0099D719 /* GPSView.swift */ = {isa = PBXFileReference; lastKnownFileType = sourcecode.swift; path = GPSView.swift; sourceTree = "<group>"; };
		ED3DA1BE2CC154DF0099D719 /* Greenlight.entitlements */ = {isa = PBXFileReference; lastKnownFileType = text.plist.entitlements; path = Greenlight.entitlements; sourceTree = "<group>"; };
		ED3DA1BF2CC154DF0099D719 /* GreenlightApp.swift */ = {isa = PBXFileReference; lastKnownFileType = sourcecode.swift; path = GreenlightApp.swift; sourceTree = "<group>"; };
		ED3DA1C12CC154DF0099D719 /* LoadingView.swift */ = {isa = PBXFileReference; lastKnownFileType = sourcecode.swift; path = LoadingView.swift; sourceTree = "<group>"; };
		ED3DA1C32CC154DF0099D719 /* MonofontoRegular.otf */ = {isa = PBXFileReference; lastKnownFileType = file; path = MonofontoRegular.otf; sourceTree = "<group>"; };
		ED3DA1C42CC154DF0099D719 /* Preview Assets.xcassets */ = {isa = PBXFileReference; lastKnownFileType = folder.assetcatalog; path = "Preview Assets.xcassets"; sourceTree = "<group>"; };
		ED3DA1C62CC154DF0099D719 /* Soulmeh.otf */ = {isa = PBXFileReference; lastKnownFileType = file; path = Soulmeh.otf; sourceTree = "<group>"; };
		ED80A3442CC167CC00072AEE /* MapView.swift */ = {isa = PBXFileReference; lastKnownFileType = sourcecode.swift; path = MapView.swift; sourceTree = "<group>"; };
		ED80A3462CC17ED700072AEE /* LocationManager.swift */ = {isa = PBXFileReference; lastKnownFileType = sourcecode.swift; path = LocationManager.swift; sourceTree = "<group>"; };
		EDEAD0F92CDCD23E0036B992 /* AddFavoriteRouteView.swift */ = {isa = PBXFileReference; lastKnownFileType = sourcecode.swift; path = AddFavoriteRouteView.swift; sourceTree = "<group>"; };
		EDEAD0FE2CDCDBBD0036B992 /* RouteService.swift */ = {isa = PBXFileReference; lastKnownFileType = sourcecode.swift; path = RouteService.swift; sourceTree = "<group>"; };
		EDFECDE82CDCF098001A6CEC /* agency.txt */ = {isa = PBXFileReference; lastKnownFileType = text; path = agency.txt; sourceTree = "<group>"; };
		EDFECDE92CDCF098001A6CEC /* calendar.txt */ = {isa = PBXFileReference; lastKnownFileType = text; path = calendar.txt; sourceTree = "<group>"; };
		EDFECDEA2CDCF098001A6CEC /* calendar_dates.txt */ = {isa = PBXFileReference; lastKnownFileType = text; path = calendar_dates.txt; sourceTree = "<group>"; };
		EDFECDEB2CDCF098001A6CEC /* feed_info.txt */ = {isa = PBXFileReference; lastKnownFileType = text; path = feed_info.txt; sourceTree = "<group>"; };
		EDFECDEC2CDCF098001A6CEC /* routes.txt */ = {isa = PBXFileReference; lastKnownFileType = text; path = routes.txt; sourceTree = "<group>"; };
		EDFECDED2CDCF098001A6CEC /* shapes.txt */ = {isa = PBXFileReference; lastKnownFileType = text; path = shapes.txt; sourceTree = "<group>"; };
		EDFECDEE2CDCF098001A6CEC /* stop_times.txt */ = {isa = PBXFileReference; lastKnownFileType = text; path = stop_times.txt; sourceTree = "<group>"; };
		EDFECDEF2CDCF098001A6CEC /* stops.txt */ = {isa = PBXFileReference; lastKnownFileType = text; path = stops.txt; sourceTree = "<group>"; };
		EDFECDF02CDCF098001A6CEC /* trips.txt */ = {isa = PBXFileReference; lastKnownFileType = text; path = trips.txt; sourceTree = "<group>"; };
		EDFECDFB2CDD044D001A6CEC /* RoutePreference.swift */ = {isa = PBXFileReference; lastKnownFileType = sourcecode.swift; path = RoutePreference.swift; sourceTree = "<group>"; };
/* End PBXFileReference section */

/* Begin PBXFrameworksBuildPhase section */
		ED24F17E2CC1521A00A8F6C4 /* Frameworks */ = {
			isa = PBXFrameworksBuildPhase;
			buildActionMask = 2147483647;
			files = (
				ED3DA1D42CC158080099D719 /* Pods_Greenlight.framework in Frameworks */,
			);
			runOnlyForDeploymentPostprocessing = 0;
		};
		ED24F18F2CC1521B00A8F6C4 /* Frameworks */ = {
			isa = PBXFrameworksBuildPhase;
			buildActionMask = 2147483647;
			files = (
			);
			runOnlyForDeploymentPostprocessing = 0;
		};
		ED24F1992CC1521B00A8F6C4 /* Frameworks */ = {
			isa = PBXFrameworksBuildPhase;
			buildActionMask = 2147483647;
			files = (
			);
			runOnlyForDeploymentPostprocessing = 0;
		};
/* End PBXFrameworksBuildPhase section */

/* Begin PBXGroup section */
		64175C82628A806153133332 /* Frameworks */ = {
			isa = PBXGroup;
			children = (
				68C54F1DCD2B0D5E2C1F3EEA /* Pods_Greenlight.framework */,
			);
			name = Frameworks;
			sourceTree = "<group>";
		};
		E46952101F0D77C2950345E0 /* Pods */ = {
			isa = PBXGroup;
			children = (
				26DBDDA23C542CC60246E583 /* Pods-Greenlight.debug.xcconfig */,
				E53B4935617C70E7FA656563 /* Pods-Greenlight.release.xcconfig */,
			);
			path = Pods;
			sourceTree = "<group>";
		};
		ED24F1782CC1521A00A8F6C4 = {
			isa = PBXGroup;
			children = (
				ED24F1832CC1521A00A8F6C4 /* Greenlight */,
				ED24F1952CC1521B00A8F6C4 /* GreenlightTests */,
				ED24F19F2CC1521B00A8F6C4 /* GreenlightUITests */,
				ED24F1822CC1521A00A8F6C4 /* Products */,
				E46952101F0D77C2950345E0 /* Pods */,
				64175C82628A806153133332 /* Frameworks */,
			);
			sourceTree = "<group>";
		};
		ED24F1822CC1521A00A8F6C4 /* Products */ = {
			isa = PBXGroup;
			children = (
				ED24F1812CC1521A00A8F6C4 /* Greenlight.app */,
				ED24F1922CC1521B00A8F6C4 /* GreenlightTests.xctest */,
				ED24F19C2CC1521B00A8F6C4 /* GreenlightUITests.xctest */,
			);
			name = Products;
			sourceTree = "<group>";
		};
		ED24F1832CC1521A00A8F6C4 /* Greenlight */ = {
			isa = PBXGroup;
			children = (
				EDFECDF12CDCF098001A6CEC /* GTFS_Realtime */,
				ED3DA1C52CC154DF0099D719 /* Preview Content */,
				ED3DA1B72CC154DF0099D719 /* Assets.xcassets */,
				ED3DA1BC2CC154DF0099D719 /* GoogleService-Info.plist */,
				ED3DA1BF2CC154DF0099D719 /* GreenlightApp.swift */,
				ED3DA1B82CC154DF0099D719 /* ContentView.swift */,
				ED3DA1C12CC154DF0099D719 /* LoadingView.swift */,
				ED3DA1BD2CC154DF0099D719 /* GPSView.swift */,
				ED80A3442CC167CC00072AEE /* MapView.swift */,
				ED80A3462CC17ED700072AEE /* LocationManager.swift */,
				EDEAD0F92CDCD23E0036B992 /* AddFavoriteRouteView.swift */,
				EDEAD0FE2CDCDBBD0036B992 /* RouteService.swift */,
				EDFECDFB2CDD044D001A6CEC /* RoutePreference.swift */,
				ED3DA1BE2CC154DF0099D719 /* Greenlight.entitlements */,
				ED3DA1C32CC154DF0099D719 /* MonofontoRegular.otf */,
				ED3DA1C62CC154DF0099D719 /* Soulmeh.otf */,
			);
			path = Greenlight;
			sourceTree = "<group>";
		};
		ED24F1952CC1521B00A8F6C4 /* GreenlightTests */ = {
			isa = PBXGroup;
			children = (
			);
			path = GreenlightTests;
			sourceTree = "<group>";
		};
		ED24F19F2CC1521B00A8F6C4 /* GreenlightUITests */ = {
			isa = PBXGroup;
			children = (
			);
			path = GreenlightUITests;
			sourceTree = "<group>";
		};
		ED3DA1C52CC154DF0099D719 /* Preview Content */ = {
			isa = PBXGroup;
			children = (
				ED3DA1C42CC154DF0099D719 /* Preview Assets.xcassets */,
			);
			path = "Preview Content";
			sourceTree = "<group>";
		};
		EDFECDF12CDCF098001A6CEC /* GTFS_Realtime */ = {
			isa = PBXGroup;
			children = (
				EDFECDE82CDCF098001A6CEC /* agency.txt */,
				EDFECDE92CDCF098001A6CEC /* calendar.txt */,
				EDFECDEA2CDCF098001A6CEC /* calendar_dates.txt */,
				EDFECDEB2CDCF098001A6CEC /* feed_info.txt */,
				EDFECDEC2CDCF098001A6CEC /* routes.txt */,
				EDFECDED2CDCF098001A6CEC /* shapes.txt */,
				EDFECDEE2CDCF098001A6CEC /* stop_times.txt */,
				EDFECDEF2CDCF098001A6CEC /* stops.txt */,
				EDFECDF02CDCF098001A6CEC /* trips.txt */,
			);
			path = GTFS_Realtime;
			sourceTree = "<group>";
		};
/* End PBXGroup section */

/* Begin PBXNativeTarget section */
		ED24F1802CC1521A00A8F6C4 /* Greenlight */ = {
			isa = PBXNativeTarget;
			buildConfigurationList = ED24F1A62CC1521B00A8F6C4 /* Build configuration list for PBXNativeTarget "Greenlight" */;
			buildPhases = (
				F1D1EFDD7AFB44ACF02AB445 /* [CP] Check Pods Manifest.lock */,
				ED24F17D2CC1521A00A8F6C4 /* Sources */,
				ED24F17E2CC1521A00A8F6C4 /* Frameworks */,
				ED24F17F2CC1521A00A8F6C4 /* Resources */,
				5CED8840EA2A08C9168BD847 /* [CP] Embed Pods Frameworks */,
				ED3DA1D62CC158080099D719 /* Embed Frameworks */,
			);
			buildRules = (
			);
			dependencies = (
			);
			name = Greenlight;
			productName = Greenlight;
			productReference = ED24F1812CC1521A00A8F6C4 /* Greenlight.app */;
			productType = "com.apple.product-type.application";
		};
		ED24F1912CC1521B00A8F6C4 /* GreenlightTests */ = {
			isa = PBXNativeTarget;
			buildConfigurationList = ED24F1A92CC1521B00A8F6C4 /* Build configuration list for PBXNativeTarget "GreenlightTests" */;
			buildPhases = (
				ED24F18E2CC1521B00A8F6C4 /* Sources */,
				ED24F18F2CC1521B00A8F6C4 /* Frameworks */,
				ED24F1902CC1521B00A8F6C4 /* Resources */,
			);
			buildRules = (
			);
			dependencies = (
				ED24F1942CC1521B00A8F6C4 /* PBXTargetDependency */,
			);
			name = GreenlightTests;
			productName = GreenlightTests;
			productReference = ED24F1922CC1521B00A8F6C4 /* GreenlightTests.xctest */;
			productType = "com.apple.product-type.bundle.unit-test";
		};
		ED24F19B2CC1521B00A8F6C4 /* GreenlightUITests */ = {
			isa = PBXNativeTarget;
			buildConfigurationList = ED24F1AC2CC1521B00A8F6C4 /* Build configuration list for PBXNativeTarget "GreenlightUITests" */;
			buildPhases = (
				ED24F1982CC1521B00A8F6C4 /* Sources */,
				ED24F1992CC1521B00A8F6C4 /* Frameworks */,
				ED24F19A2CC1521B00A8F6C4 /* Resources */,
			);
			buildRules = (
			);
			dependencies = (
				ED24F19E2CC1521B00A8F6C4 /* PBXTargetDependency */,
			);
			name = GreenlightUITests;
			productName = GreenlightUITests;
			productReference = ED24F19C2CC1521B00A8F6C4 /* GreenlightUITests.xctest */;
			productType = "com.apple.product-type.bundle.ui-testing";
		};
/* End PBXNativeTarget section */

/* Begin PBXProject section */
		ED24F1792CC1521A00A8F6C4 /* Project object */ = {
			isa = PBXProject;
			attributes = {
				BuildIndependentTargetsInParallel = 1;
				LastSwiftUpdateCheck = 1600;
				LastUpgradeCheck = 1600;
				TargetAttributes = {
					ED24F1802CC1521A00A8F6C4 = {
						CreatedOnToolsVersion = 16.0;
						LastSwiftMigration = 1600;
					};
					ED24F1912CC1521B00A8F6C4 = {
						CreatedOnToolsVersion = 16.0;
						TestTargetID = ED24F1802CC1521A00A8F6C4;
					};
					ED24F19B2CC1521B00A8F6C4 = {
						CreatedOnToolsVersion = 16.0;
						TestTargetID = ED24F1802CC1521A00A8F6C4;
					};
				};
			};
			buildConfigurationList = ED24F17C2CC1521A00A8F6C4 /* Build configuration list for PBXProject "Greenlight" */;
			compatibilityVersion = "Xcode 15.3";
			developmentRegion = en;
			hasScannedForEncodings = 0;
			knownRegions = (
				en,
				Base,
			);
			mainGroup = ED24F1782CC1521A00A8F6C4;
			minimizedProjectReferenceProxies = 1;
			productRefGroup = ED24F1822CC1521A00A8F6C4 /* Products */;
			projectDirPath = "";
			projectRoot = "";
			targets = (
				ED24F1802CC1521A00A8F6C4 /* Greenlight */,
				ED24F1912CC1521B00A8F6C4 /* GreenlightTests */,
				ED24F19B2CC1521B00A8F6C4 /* GreenlightUITests */,
			);
		};
/* End PBXProject section */

/* Begin PBXResourcesBuildPhase section */
		ED24F17F2CC1521A00A8F6C4 /* Resources */ = {
			isa = PBXResourcesBuildPhase;
			buildActionMask = 2147483647;
			files = (
				ED3DA1C72CC154DF0099D719 /* Soulmeh.otf in Resources */,
				ED3DA1C82CC154DF0099D719 /* GoogleService-Info.plist in Resources */,
				ED3DA1C92CC154DF0099D719 /* MonofontoRegular.otf in Resources */,
				EDFECDF22CDCF098001A6CEC /* calendar_dates.txt in Resources */,
				EDFECDF32CDCF098001A6CEC /* routes.txt in Resources */,
				EDFECDF42CDCF098001A6CEC /* agency.txt in Resources */,
				EDFECDF52CDCF098001A6CEC /* stops.txt in Resources */,
				EDFECDF62CDCF098001A6CEC /* shapes.txt in Resources */,
				EDFECDF72CDCF098001A6CEC /* calendar.txt in Resources */,
				EDFECDF82CDCF098001A6CEC /* trips.txt in Resources */,
				EDFECDF92CDCF098001A6CEC /* feed_info.txt in Resources */,
				EDFECDFA2CDCF098001A6CEC /* stop_times.txt in Resources */,
				ED3DA1CA2CC154DF0099D719 /* Assets.xcassets in Resources */,
			);
			runOnlyForDeploymentPostprocessing = 0;
		};
		ED24F1902CC1521B00A8F6C4 /* Resources */ = {
			isa = PBXResourcesBuildPhase;
			buildActionMask = 2147483647;
			files = (
			);
			runOnlyForDeploymentPostprocessing = 0;
		};
		ED24F19A2CC1521B00A8F6C4 /* Resources */ = {
			isa = PBXResourcesBuildPhase;
			buildActionMask = 2147483647;
			files = (
			);
			runOnlyForDeploymentPostprocessing = 0;
		};
/* End PBXResourcesBuildPhase section */

/* Begin PBXShellScriptBuildPhase section */
		5CED8840EA2A08C9168BD847 /* [CP] Embed Pods Frameworks */ = {
			isa = PBXShellScriptBuildPhase;
			buildActionMask = 2147483647;
			files = (
			);
			inputFileListPaths = (
				"${PODS_ROOT}/Target Support Files/Pods-Greenlight/Pods-Greenlight-frameworks-${CONFIGURATION}-input-files.xcfilelist",
			);
			name = "[CP] Embed Pods Frameworks";
			outputFileListPaths = (
				"${PODS_ROOT}/Target Support Files/Pods-Greenlight/Pods-Greenlight-frameworks-${CONFIGURATION}-output-files.xcfilelist",
			);
			runOnlyForDeploymentPostprocessing = 0;
			shellPath = /bin/sh;
			shellScript = "\"${PODS_ROOT}/Target Support Files/Pods-Greenlight/Pods-Greenlight-frameworks.sh\"\n";
			showEnvVarsInLog = 0;
		};
		F1D1EFDD7AFB44ACF02AB445 /* [CP] Check Pods Manifest.lock */ = {
			isa = PBXShellScriptBuildPhase;
			buildActionMask = 2147483647;
			files = (
			);
			inputFileListPaths = (
			);
			inputPaths = (
				"${PODS_PODFILE_DIR_PATH}/Podfile.lock",
				"${PODS_ROOT}/Manifest.lock",
			);
			name = "[CP] Check Pods Manifest.lock";
			outputFileListPaths = (
			);
			outputPaths = (
				"$(DERIVED_FILE_DIR)/Pods-Greenlight-checkManifestLockResult.txt",
			);
			runOnlyForDeploymentPostprocessing = 0;
			shellPath = /bin/sh;
			shellScript = "diff \"${PODS_PODFILE_DIR_PATH}/Podfile.lock\" \"${PODS_ROOT}/Manifest.lock\" > /dev/null\nif [ $? != 0 ] ; then\n    # print error to STDERR\n    echo \"error: The sandbox is not in sync with the Podfile.lock. Run 'pod install' or update your CocoaPods installation.\" >&2\n    exit 1\nfi\n# This output is used by Xcode 'outputs' to avoid re-running this script phase.\necho \"SUCCESS\" > \"${SCRIPT_OUTPUT_FILE_0}\"\n";
			showEnvVarsInLog = 0;
		};
/* End PBXShellScriptBuildPhase section */

/* Begin PBXSourcesBuildPhase section */
		ED24F17D2CC1521A00A8F6C4 /* Sources */ = {
			isa = PBXSourcesBuildPhase;
			buildActionMask = 2147483647;
			files = (
				ED3DA1CF2CC154DF0099D719 /* LoadingView.swift in Sources */,
				ED80A3452CC167CC00072AEE /* MapView.swift in Sources */,
				ED80A3472CC17ED700072AEE /* LocationManager.swift in Sources */,
				EDEAD0FA2CDCD23E0036B992 /* AddFavoriteRouteView.swift in Sources */,
				EDFECDFC2CDD0453001A6CEC /* RoutePreference.swift in Sources */,
				ED3DA1D12CC154DF0099D719 /* GreenlightApp.swift in Sources */,
				EDEAD0FF2CDCDBC40036B992 /* RouteService.swift in Sources */,
				ED3DA1D22CC154DF0099D719 /* GPSView.swift in Sources */,
				ED3DA1D32CC154DF0099D719 /* ContentView.swift in Sources */,
			);
			runOnlyForDeploymentPostprocessing = 0;
		};
		ED24F18E2CC1521B00A8F6C4 /* Sources */ = {
			isa = PBXSourcesBuildPhase;
			buildActionMask = 2147483647;
			files = (
			);
			runOnlyForDeploymentPostprocessing = 0;
		};
		ED24F1982CC1521B00A8F6C4 /* Sources */ = {
			isa = PBXSourcesBuildPhase;
			buildActionMask = 2147483647;
			files = (
			);
			runOnlyForDeploymentPostprocessing = 0;
		};
/* End PBXSourcesBuildPhase section */

/* Begin PBXTargetDependency section */
		ED24F1942CC1521B00A8F6C4 /* PBXTargetDependency */ = {
			isa = PBXTargetDependency;
			target = ED24F1802CC1521A00A8F6C4 /* Greenlight */;
			targetProxy = ED24F1932CC1521B00A8F6C4 /* PBXContainerItemProxy */;
		};
		ED24F19E2CC1521B00A8F6C4 /* PBXTargetDependency */ = {
			isa = PBXTargetDependency;
			target = ED24F1802CC1521A00A8F6C4 /* Greenlight */;
			targetProxy = ED24F19D2CC1521B00A8F6C4 /* PBXContainerItemProxy */;
		};
/* End PBXTargetDependency section */

/* Begin XCBuildConfiguration section */
		ED24F1A42CC1521B00A8F6C4 /* Debug */ = {
			isa = XCBuildConfiguration;
			buildSettings = {
				ALWAYS_SEARCH_USER_PATHS = NO;
				ASSETCATALOG_COMPILER_GENERATE_SWIFT_ASSET_SYMBOL_EXTENSIONS = YES;
				CLANG_ANALYZER_NONNULL = YES;
				CLANG_ANALYZER_NUMBER_OBJECT_CONVERSION = YES_AGGRESSIVE;
				CLANG_CXX_LANGUAGE_STANDARD = "gnu++20";
				CLANG_ENABLE_MODULES = YES;
				CLANG_ENABLE_OBJC_ARC = YES;
				CLANG_ENABLE_OBJC_WEAK = YES;
				CLANG_WARN_BLOCK_CAPTURE_AUTORELEASING = YES;
				CLANG_WARN_BOOL_CONVERSION = YES;
				CLANG_WARN_COMMA = YES;
				CLANG_WARN_CONSTANT_CONVERSION = YES;
				CLANG_WARN_DEPRECATED_OBJC_IMPLEMENTATIONS = YES;
				CLANG_WARN_DIRECT_OBJC_ISA_USAGE = YES_ERROR;
				CLANG_WARN_DOCUMENTATION_COMMENTS = YES;
				CLANG_WARN_EMPTY_BODY = YES;
				CLANG_WARN_ENUM_CONVERSION = YES;
				CLANG_WARN_INFINITE_RECURSION = YES;
				CLANG_WARN_INT_CONVERSION = YES;
				CLANG_WARN_NON_LITERAL_NULL_CONVERSION = YES;
				CLANG_WARN_OBJC_IMPLICIT_RETAIN_SELF = YES;
				CLANG_WARN_OBJC_LITERAL_CONVERSION = YES;
				CLANG_WARN_OBJC_ROOT_CLASS = YES_ERROR;
				CLANG_WARN_QUOTED_INCLUDE_IN_FRAMEWORK_HEADER = YES;
				CLANG_WARN_RANGE_LOOP_ANALYSIS = YES;
				CLANG_WARN_STRICT_PROTOTYPES = YES;
				CLANG_WARN_SUSPICIOUS_MOVE = YES;
				CLANG_WARN_UNGUARDED_AVAILABILITY = YES_AGGRESSIVE;
				CLANG_WARN_UNREACHABLE_CODE = YES;
				CLANG_WARN__DUPLICATE_METHOD_MATCH = YES;
				COPY_PHASE_STRIP = NO;
				DEBUG_INFORMATION_FORMAT = dwarf;
				ENABLE_STRICT_OBJC_MSGSEND = YES;
				ENABLE_TESTABILITY = YES;
				ENABLE_USER_SCRIPT_SANDBOXING = YES;
				GCC_C_LANGUAGE_STANDARD = gnu17;
				GCC_DYNAMIC_NO_PIC = NO;
				GCC_NO_COMMON_BLOCKS = YES;
				GCC_OPTIMIZATION_LEVEL = 0;
				GCC_PREPROCESSOR_DEFINITIONS = (
					"DEBUG=1",
					"$(inherited)",
				);
				GCC_WARN_64_TO_32_BIT_CONVERSION = YES;
				GCC_WARN_ABOUT_RETURN_TYPE = YES_ERROR;
				GCC_WARN_UNDECLARED_SELECTOR = YES;
				GCC_WARN_UNINITIALIZED_AUTOS = YES_AGGRESSIVE;
				GCC_WARN_UNUSED_FUNCTION = YES;
				GCC_WARN_UNUSED_VARIABLE = YES;
				LOCALIZATION_PREFERS_STRING_CATALOGS = YES;
				MTL_ENABLE_DEBUG_INFO = INCLUDE_SOURCE;
				MTL_FAST_MATH = YES;
				ONLY_ACTIVE_ARCH = YES;
				SWIFT_ACTIVE_COMPILATION_CONDITIONS = "DEBUG $(inherited)";
				SWIFT_OPTIMIZATION_LEVEL = "-Onone";
			};
			name = Debug;
		};
		ED24F1A52CC1521B00A8F6C4 /* Release */ = {
			isa = XCBuildConfiguration;
			buildSettings = {
				ALWAYS_SEARCH_USER_PATHS = NO;
				ASSETCATALOG_COMPILER_GENERATE_SWIFT_ASSET_SYMBOL_EXTENSIONS = YES;
				CLANG_ANALYZER_NONNULL = YES;
				CLANG_ANALYZER_NUMBER_OBJECT_CONVERSION = YES_AGGRESSIVE;
				CLANG_CXX_LANGUAGE_STANDARD = "gnu++20";
				CLANG_ENABLE_MODULES = YES;
				CLANG_ENABLE_OBJC_ARC = YES;
				CLANG_ENABLE_OBJC_WEAK = YES;
				CLANG_WARN_BLOCK_CAPTURE_AUTORELEASING = YES;
				CLANG_WARN_BOOL_CONVERSION = YES;
				CLANG_WARN_COMMA = YES;
				CLANG_WARN_CONSTANT_CONVERSION = YES;
				CLANG_WARN_DEPRECATED_OBJC_IMPLEMENTATIONS = YES;
				CLANG_WARN_DIRECT_OBJC_ISA_USAGE = YES_ERROR;
				CLANG_WARN_DOCUMENTATION_COMMENTS = YES;
				CLANG_WARN_EMPTY_BODY = YES;
				CLANG_WARN_ENUM_CONVERSION = YES;
				CLANG_WARN_INFINITE_RECURSION = YES;
				CLANG_WARN_INT_CONVERSION = YES;
				CLANG_WARN_NON_LITERAL_NULL_CONVERSION = YES;
				CLANG_WARN_OBJC_IMPLICIT_RETAIN_SELF = YES;
				CLANG_WARN_OBJC_LITERAL_CONVERSION = YES;
				CLANG_WARN_OBJC_ROOT_CLASS = YES_ERROR;
				CLANG_WARN_QUOTED_INCLUDE_IN_FRAMEWORK_HEADER = YES;
				CLANG_WARN_RANGE_LOOP_ANALYSIS = YES;
				CLANG_WARN_STRICT_PROTOTYPES = YES;
				CLANG_WARN_SUSPICIOUS_MOVE = YES;
				CLANG_WARN_UNGUARDED_AVAILABILITY = YES_AGGRESSIVE;
				CLANG_WARN_UNREACHABLE_CODE = YES;
				CLANG_WARN__DUPLICATE_METHOD_MATCH = YES;
				COPY_PHASE_STRIP = NO;
				DEBUG_INFORMATION_FORMAT = "dwarf-with-dsym";
				ENABLE_NS_ASSERTIONS = NO;
				ENABLE_STRICT_OBJC_MSGSEND = YES;
				ENABLE_USER_SCRIPT_SANDBOXING = YES;
				GCC_C_LANGUAGE_STANDARD = gnu17;
				GCC_NO_COMMON_BLOCKS = YES;
				GCC_WARN_64_TO_32_BIT_CONVERSION = YES;
				GCC_WARN_ABOUT_RETURN_TYPE = YES_ERROR;
				GCC_WARN_UNDECLARED_SELECTOR = YES;
				GCC_WARN_UNINITIALIZED_AUTOS = YES_AGGRESSIVE;
				GCC_WARN_UNUSED_FUNCTION = YES;
				GCC_WARN_UNUSED_VARIABLE = YES;
				LOCALIZATION_PREFERS_STRING_CATALOGS = YES;
				MTL_ENABLE_DEBUG_INFO = NO;
				MTL_FAST_MATH = YES;
				SWIFT_COMPILATION_MODE = wholemodule;
			};
			name = Release;
		};
		ED24F1A72CC1521B00A8F6C4 /* Debug */ = {
			isa = XCBuildConfiguration;
			baseConfigurationReference = 26DBDDA23C542CC60246E583 /* Pods-Greenlight.debug.xcconfig */;
			buildSettings = {
				ASSETCATALOG_COMPILER_APPICON_NAME = AppIcon;
				ASSETCATALOG_COMPILER_GLOBAL_ACCENT_COLOR_NAME = AccentColor;
				CLANG_ENABLE_MODULES = YES;
				CODE_SIGN_ENTITLEMENTS = Greenlight/Greenlight.entitlements;
				CODE_SIGN_STYLE = Automatic;
				CURRENT_PROJECT_VERSION = 1;
				DEVELOPMENT_ASSET_PATHS = "\"Greenlight/Preview Content\"";
				DEVELOPMENT_TEAM = Q6X9KLC93G;
				ENABLE_HARDENED_RUNTIME = YES;
				ENABLE_PREVIEWS = YES;
				ENABLE_USER_SCRIPT_SANDBOXING = NO;
				GENERATE_INFOPLIST_FILE = YES;
				INFOPLIST_FILE = Greenlight/Info.plist;
				INFOPLIST_KEY_NSLocationAlwaysUsageDescription = "Greenlight needs access to your location to provide continuous traffic and route updates even when the app is not actively in use.";
				INFOPLIST_KEY_NSLocationWhenInUseUsageDescription = "Greenlight needs access to your location to provide accurate traffic and route information when using the app.";
				"INFOPLIST_KEY_UIApplicationSceneManifest_Generation[sdk=iphoneos*]" = YES;
				"INFOPLIST_KEY_UIApplicationSceneManifest_Generation[sdk=iphonesimulator*]" = YES;
				"INFOPLIST_KEY_UIApplicationSupportsIndirectInputEvents[sdk=iphoneos*]" = YES;
				"INFOPLIST_KEY_UIApplicationSupportsIndirectInputEvents[sdk=iphonesimulator*]" = YES;
				"INFOPLIST_KEY_UILaunchScreen_Generation[sdk=iphoneos*]" = YES;
				"INFOPLIST_KEY_UILaunchScreen_Generation[sdk=iphonesimulator*]" = YES;
				INFOPLIST_KEY_UIStatusBarStyle = "";
				"INFOPLIST_KEY_UIStatusBarStyle[sdk=iphoneos*]" = UIStatusBarStyleDefault;
				"INFOPLIST_KEY_UIStatusBarStyle[sdk=iphonesimulator*]" = UIStatusBarStyleDefault;
				INFOPLIST_KEY_UISupportedInterfaceOrientations_iPad = "UIInterfaceOrientationPortrait UIInterfaceOrientationPortraitUpsideDown UIInterfaceOrientationLandscapeLeft UIInterfaceOrientationLandscapeRight";
				INFOPLIST_KEY_UISupportedInterfaceOrientations_iPhone = "UIInterfaceOrientationPortrait UIInterfaceOrientationLandscapeLeft UIInterfaceOrientationLandscapeRight";
				IPHONEOS_DEPLOYMENT_TARGET = 15.6;
				LD_RUNPATH_SEARCH_PATHS = "@executable_path/Frameworks";
				"LD_RUNPATH_SEARCH_PATHS[sdk=macosx*]" = "@executable_path/../Frameworks";
				MACOSX_DEPLOYMENT_TARGET = 15.0;
				MARKETING_VERSION = 1.0;
				PRODUCT_BUNDLE_IDENTIFIER = KosmoLabs.Greenlight;
				PRODUCT_NAME = "$(TARGET_NAME)";
				SDKROOT = auto;
				SUPPORTED_PLATFORMS = "iphoneos iphonesimulator";
				SUPPORTS_MACCATALYST = NO;
				SWIFT_EMIT_LOC_STRINGS = YES;
				SWIFT_OPTIMIZATION_LEVEL = "-Onone";
				SWIFT_VERSION = 5.0;
				TARGETED_DEVICE_FAMILY = 1;
				XROS_DEPLOYMENT_TARGET = 2.0;
			};
			name = Debug;
		};
		ED24F1A82CC1521B00A8F6C4 /* Release */ = {
			isa = XCBuildConfiguration;
			baseConfigurationReference = E53B4935617C70E7FA656563 /* Pods-Greenlight.release.xcconfig */;
			buildSettings = {
				ASSETCATALOG_COMPILER_APPICON_NAME = AppIcon;
				ASSETCATALOG_COMPILER_GLOBAL_ACCENT_COLOR_NAME = AccentColor;
				CLANG_ENABLE_MODULES = YES;
				CODE_SIGN_ENTITLEMENTS = Greenlight/Greenlight.entitlements;
				CODE_SIGN_STYLE = Automatic;
				CURRENT_PROJECT_VERSION = 1;
				DEVELOPMENT_ASSET_PATHS = "\"Greenlight/Preview Content\"";
				DEVELOPMENT_TEAM = Q6X9KLC93G;
				ENABLE_HARDENED_RUNTIME = YES;
				ENABLE_PREVIEWS = YES;
				ENABLE_USER_SCRIPT_SANDBOXING = NO;
				GENERATE_INFOPLIST_FILE = YES;
				INFOPLIST_FILE = Greenlight/Info.plist;
				INFOPLIST_KEY_NSLocationAlwaysUsageDescription = "Greenlight needs access to your location to provide continuous traffic and route updates even when the app is not actively in use.";
				INFOPLIST_KEY_NSLocationWhenInUseUsageDescription = "Greenlight needs access to your location to provide accurate traffic and route information when using the app.";
				"INFOPLIST_KEY_UIApplicationSceneManifest_Generation[sdk=iphoneos*]" = YES;
				"INFOPLIST_KEY_UIApplicationSceneManifest_Generation[sdk=iphonesimulator*]" = YES;
				"INFOPLIST_KEY_UIApplicationSupportsIndirectInputEvents[sdk=iphoneos*]" = YES;
				"INFOPLIST_KEY_UIApplicationSupportsIndirectInputEvents[sdk=iphonesimulator*]" = YES;
				"INFOPLIST_KEY_UILaunchScreen_Generation[sdk=iphoneos*]" = YES;
				"INFOPLIST_KEY_UILaunchScreen_Generation[sdk=iphonesimulator*]" = YES;
				INFOPLIST_KEY_UIStatusBarStyle = "";
				"INFOPLIST_KEY_UIStatusBarStyle[sdk=iphoneos*]" = UIStatusBarStyleDefault;
				"INFOPLIST_KEY_UIStatusBarStyle[sdk=iphonesimulator*]" = UIStatusBarStyleDefault;
				INFOPLIST_KEY_UISupportedInterfaceOrientations_iPad = "UIInterfaceOrientationPortrait UIInterfaceOrientationPortraitUpsideDown UIInterfaceOrientationLandscapeLeft UIInterfaceOrientationLandscapeRight";
				INFOPLIST_KEY_UISupportedInterfaceOrientations_iPhone = "UIInterfaceOrientationPortrait UIInterfaceOrientationLandscapeLeft UIInterfaceOrientationLandscapeRight";
				IPHONEOS_DEPLOYMENT_TARGET = 15.6;
				LD_RUNPATH_SEARCH_PATHS = "@executable_path/Frameworks";
				"LD_RUNPATH_SEARCH_PATHS[sdk=macosx*]" = "@executable_path/../Frameworks";
				MACOSX_DEPLOYMENT_TARGET = 15.0;
				MARKETING_VERSION = 1.0;
				PRODUCT_BUNDLE_IDENTIFIER = KosmoLabs.Greenlight;
				PRODUCT_NAME = "$(TARGET_NAME)";
				SDKROOT = auto;
				SUPPORTED_PLATFORMS = "iphoneos iphonesimulator";
				SUPPORTS_MACCATALYST = NO;
				SWIFT_EMIT_LOC_STRINGS = YES;
				SWIFT_VERSION = 5.0;
				TARGETED_DEVICE_FAMILY = 1;
				XROS_DEPLOYMENT_TARGET = 2.0;
			};
			name = Release;
		};
		ED24F1AA2CC1521B00A8F6C4 /* Debug */ = {
			isa = XCBuildConfiguration;
			buildSettings = {
				BUNDLE_LOADER = "$(TEST_HOST)";
				CODE_SIGN_STYLE = Automatic;
				CURRENT_PROJECT_VERSION = 1;
				DEVELOPMENT_TEAM = Q6X9KLC93G;
				GENERATE_INFOPLIST_FILE = YES;
				IPHONEOS_DEPLOYMENT_TARGET = 15.6;
				MACOSX_DEPLOYMENT_TARGET = 15.0;
				MARKETING_VERSION = 1.0;
				PRODUCT_BUNDLE_IDENTIFIER = com.kosmolabs.GreenlightTests;
				PRODUCT_NAME = "$(TARGET_NAME)";
				SDKROOT = auto;
				SUPPORTED_PLATFORMS = "iphoneos iphonesimulator";
				SUPPORTS_MACCATALYST = NO;
				SWIFT_EMIT_LOC_STRINGS = NO;
				SWIFT_VERSION = 5.0;
				TARGETED_DEVICE_FAMILY = 1;
				TEST_HOST = "$(BUILT_PRODUCTS_DIR)/Greenlight.app/$(BUNDLE_EXECUTABLE_FOLDER_PATH)/Greenlight";
				XROS_DEPLOYMENT_TARGET = 2.0;
			};
			name = Debug;
		};
		ED24F1AB2CC1521B00A8F6C4 /* Release */ = {
			isa = XCBuildConfiguration;
			buildSettings = {
				BUNDLE_LOADER = "$(TEST_HOST)";
				CODE_SIGN_STYLE = Automatic;
				CURRENT_PROJECT_VERSION = 1;
				DEVELOPMENT_TEAM = Q6X9KLC93G;
				GENERATE_INFOPLIST_FILE = YES;
				IPHONEOS_DEPLOYMENT_TARGET = 15.6;
				MACOSX_DEPLOYMENT_TARGET = 15.0;
				MARKETING_VERSION = 1.0;
				PRODUCT_BUNDLE_IDENTIFIER = com.kosmolabs.GreenlightTests;
				PRODUCT_NAME = "$(TARGET_NAME)";
				SDKROOT = auto;
				SUPPORTED_PLATFORMS = "iphoneos iphonesimulator";
				SUPPORTS_MACCATALYST = NO;
				SWIFT_EMIT_LOC_STRINGS = NO;
				SWIFT_VERSION = 5.0;
				TARGETED_DEVICE_FAMILY = 1;
				TEST_HOST = "$(BUILT_PRODUCTS_DIR)/Greenlight.app/$(BUNDLE_EXECUTABLE_FOLDER_PATH)/Greenlight";
				XROS_DEPLOYMENT_TARGET = 2.0;
			};
			name = Release;
		};
		ED24F1AD2CC1521B00A8F6C4 /* Debug */ = {
			isa = XCBuildConfiguration;
			buildSettings = {
				CODE_SIGN_STYLE = Automatic;
				CURRENT_PROJECT_VERSION = 1;
				DEVELOPMENT_TEAM = Q6X9KLC93G;
				GENERATE_INFOPLIST_FILE = YES;
				IPHONEOS_DEPLOYMENT_TARGET = 15.6;
				MACOSX_DEPLOYMENT_TARGET = 15.0;
				MARKETING_VERSION = 1.0;
				PRODUCT_BUNDLE_IDENTIFIER = com.kosmolabs.GreenlightUITests;
				PRODUCT_NAME = "$(TARGET_NAME)";
				SDKROOT = auto;
				SUPPORTED_PLATFORMS = "iphoneos iphonesimulator";
				SUPPORTS_MACCATALYST = NO;
				SWIFT_EMIT_LOC_STRINGS = NO;
				SWIFT_VERSION = 5.0;
				TARGETED_DEVICE_FAMILY = 1;
				TEST_TARGET_NAME = Greenlight;
				XROS_DEPLOYMENT_TARGET = 2.0;
			};
			name = Debug;
		};
		ED24F1AE2CC1521B00A8F6C4 /* Release */ = {
			isa = XCBuildConfiguration;
			buildSettings = {
				CODE_SIGN_STYLE = Automatic;
				CURRENT_PROJECT_VERSION = 1;
				DEVELOPMENT_TEAM = Q6X9KLC93G;
				GENERATE_INFOPLIST_FILE = YES;
				IPHONEOS_DEPLOYMENT_TARGET = 15.6;
				MACOSX_DEPLOYMENT_TARGET = 15.0;
				MARKETING_VERSION = 1.0;
				PRODUCT_BUNDLE_IDENTIFIER = com.kosmolabs.GreenlightUITests;
				PRODUCT_NAME = "$(TARGET_NAME)";
				SDKROOT = auto;
				SUPPORTED_PLATFORMS = "iphoneos iphonesimulator";
				SUPPORTS_MACCATALYST = NO;
				SWIFT_EMIT_LOC_STRINGS = NO;
				SWIFT_VERSION = 5.0;
				TARGETED_DEVICE_FAMILY = 1;
				TEST_TARGET_NAME = Greenlight;
				XROS_DEPLOYMENT_TARGET = 2.0;
			};
			name = Release;
		};
/* End XCBuildConfiguration section */

/* Begin XCConfigurationList section */
		ED24F17C2CC1521A00A8F6C4 /* Build configuration list for PBXProject "Greenlight" */ = {
			isa = XCConfigurationList;
			buildConfigurations = (
				ED24F1A42CC1521B00A8F6C4 /* Debug */,
				ED24F1A52CC1521B00A8F6C4 /* Release */,
			);
			defaultConfigurationIsVisible = 0;
			defaultConfigurationName = Release;
		};
		ED24F1A62CC1521B00A8F6C4 /* Build configuration list for PBXNativeTarget "Greenlight" */ = {
			isa = XCConfigurationList;
			buildConfigurations = (
				ED24F1A72CC1521B00A8F6C4 /* Debug */,
				ED24F1A82CC1521B00A8F6C4 /* Release */,
			);
			defaultConfigurationIsVisible = 0;
			defaultConfigurationName = Release;
		};
		ED24F1A92CC1521B00A8F6C4 /* Build configuration list for PBXNativeTarget "GreenlightTests" */ = {
			isa = XCConfigurationList;
			buildConfigurations = (
				ED24F1AA2CC1521B00A8F6C4 /* Debug */,
				ED24F1AB2CC1521B00A8F6C4 /* Release */,
			);
			defaultConfigurationIsVisible = 0;
			defaultConfigurationName = Release;
		};
		ED24F1AC2CC1521B00A8F6C4 /* Build configuration list for PBXNativeTarget "GreenlightUITests" */ = {
			isa = XCConfigurationList;
			buildConfigurations = (
				ED24F1AD2CC1521B00A8F6C4 /* Debug */,
				ED24F1AE2CC1521B00A8F6C4 /* Release */,
			);
			defaultConfigurationIsVisible = 0;
			defaultConfigurationName = Release;
		};
/* End XCConfigurationList section */
	};
	rootObject = ED24F1792CC1521A00A8F6C4 /* Project object */;
}
